# THIS IS AN AUTOGENERATED FILE. DO NOT EDIT THIS FILE DIRECTLY.
# yarn lockfile v1


"@fullcalendar/interaction@^6.1.11":
  version "6.1.11"
  resolved "https://registry.yarnpkg.com/@fullcalendar/interaction/-/interaction-6.1.11.tgz#baa3beec8f5c489fb6904973b175a5f4797abdf3"
  integrity sha512-ynOKjzuPwEAMgTQ6R/Z2zvzIIqG4p8/Qmnhi1q0vzPZZxSIYx3rlZuvpEK2WGBZZ1XEafDOP/LGfbWoNZe+qdg==
